
Microsoft Visual Studio Solution File, Format Version 12.00
# Visual Studio Version 16
VisualStudioVersion = 16.0.29424.173
MinimumVisualStudioVersion = 10.0.40219.1
Project("{FAE04EC0-301F-11D3-BF4B-00C04F79EFBC}") = "ProgrammingLab", "ProgrammingLab\ProgrammingLab.csproj", "{519213E9-DA2A-4506-B942-8056A9967E5D}"
EndProject
Project("{2150E333-8FDC-42A3-9474-1A3956D46DE8}") = "LabWorks", "LabWorks", "{4BD9E1F3-D902-4C62-A343-76C067235830}"
EndProject
Project("{2150E333-8FDC-42A3-9474-1A3956D46DE8}") = "PluginSystem", "PluginSystem", "{61ECB608-171A-46B0-9702-865CB6CD534C}"
EndProject
Project("{FAE04EC0-301F-11D3-BF4B-00C04F79EFBC}") = "PluginSystemLib", "PluginSystemLib\PluginSystemLib.csproj", "{D7B8592A-6377-4887-B4F3-C5CEA6583973}"
EndProject
Project("{FAE04EC0-301F-11D3-BF4B-00C04F79EFBC}") = "Lab1", "Lab1\Lab1.csproj", "{A56CDE13-C631-4488-94C4-0CB055FDFA0D}"
EndProject
Project("{FAE04EC0-301F-11D3-BF4B-00C04F79EFBC}") = "Lab2", "Lab2\Lab2.csproj", "{3ED1105F-945F-4699-9C4A-2978F4D3A7D6}"
EndProject
Project("{FAE04EC0-301F-11D3-BF4B-00C04F79EFBC}") = "Lab7_2", "Lab7_2\Lab7_2.csproj", "{782C383C-C662-4DEB-AC14-395D1CEF371D}"
EndProject
Project("{FAE04EC0-301F-11D3-BF4B-00C04F79EFBC}") = "Lab11", "Lab11\Lab11.csproj", "{0348A0F3-7B79-431F-BA06-A440FD8A1AE6}"
EndProject
Project("{FAE04EC0-301F-11D3-BF4B-00C04F79EFBC}") = "Lab6_2", "Lab6_2\Lab6_2.csproj", "{EDF09DF6-2BE0-45DE-B54F-81804AA883DB}"
EndProject
Project("{FAE04EC0-301F-11D3-BF4B-00C04F79EFBC}") = "Lab1Console", "Lab1Console\Lab1Console.csproj", "{6A071604-AD01-4663-921D-BF84601B86CB}"
EndProject
Project("{FAE04EC0-301F-11D3-BF4B-00C04F79EFBC}") = "LabNumbers", "LabNumbers\LabNumbers.csproj", "{B5DAF961-3068-4A58-8483-8744C98D887D}"
EndProject
Global
	GlobalSection(SolutionConfigurationPlatforms) = preSolution
		Debug|Any CPU = Debug|Any CPU
		Release|Any CPU = Release|Any CPU
	EndGlobalSection
	GlobalSection(ProjectConfigurationPlatforms) = postSolution
		{519213E9-DA2A-4506-B942-8056A9967E5D}.Debug|Any CPU.ActiveCfg = Debug|Any CPU
		{519213E9-DA2A-4506-B942-8056A9967E5D}.Debug|Any CPU.Build.0 = Debug|Any CPU
		{519213E9-DA2A-4506-B942-8056A9967E5D}.Release|Any CPU.ActiveCfg = Release|Any CPU
		{519213E9-DA2A-4506-B942-8056A9967E5D}.Release|Any CPU.Build.0 = Release|Any CPU
		{D7B8592A-6377-4887-B4F3-C5CEA6583973}.Debug|Any CPU.ActiveCfg = Debug|Any CPU
		{D7B8592A-6377-4887-B4F3-C5CEA6583973}.Debug|Any CPU.Build.0 = Debug|Any CPU
		{D7B8592A-6377-4887-B4F3-C5CEA6583973}.Release|Any CPU.ActiveCfg = Release|Any CPU
		{D7B8592A-6377-4887-B4F3-C5CEA6583973}.Release|Any CPU.Build.0 = Release|Any CPU
		{A56CDE13-C631-4488-94C4-0CB055FDFA0D}.Debug|Any CPU.ActiveCfg = Debug|Any CPU
		{A56CDE13-C631-4488-94C4-0CB055FDFA0D}.Debug|Any CPU.Build.0 = Debug|Any CPU
		{A56CDE13-C631-4488-94C4-0CB055FDFA0D}.Release|Any CPU.ActiveCfg = Release|Any CPU
		{A56CDE13-C631-4488-94C4-0CB055FDFA0D}.Release|Any CPU.Build.0 = Release|Any CPU
		{3ED1105F-945F-4699-9C4A-2978F4D3A7D6}.Debug|Any CPU.ActiveCfg = Debug|Any CPU
		{3ED1105F-945F-4699-9C4A-2978F4D3A7D6}.Debug|Any CPU.Build.0 = Debug|Any CPU
		{3ED1105F-945F-4699-9C4A-2978F4D3A7D6}.Release|Any CPU.ActiveCfg = Release|Any CPU
		{3ED1105F-945F-4699-9C4A-2978F4D3A7D6}.Release|Any CPU.Build.0 = Release|Any CPU
		{782C383C-C662-4DEB-AC14-395D1CEF371D}.Debug|Any CPU.ActiveCfg = Debug|Any CPU
		{782C383C-C662-4DEB-AC14-395D1CEF371D}.Debug|Any CPU.Build.0 = Debug|Any CPU
		{782C383C-C662-4DEB-AC14-395D1CEF371D}.Release|Any CPU.ActiveCfg = Release|Any CPU
		{782C383C-C662-4DEB-AC14-395D1CEF371D}.Release|Any CPU.Build.0 = Release|Any CPU
		{0348A0F3-7B79-431F-BA06-A440FD8A1AE6}.Debug|Any CPU.ActiveCfg = Debug|Any CPU
		{0348A0F3-7B79-431F-BA06-A440FD8A1AE6}.Debug|Any CPU.Build.0 = Debug|Any CPU
		{0348A0F3-7B79-431F-BA06-A440FD8A1AE6}.Release|Any CPU.ActiveCfg = Release|Any CPU
		{0348A0F3-7B79-431F-BA06-A440FD8A1AE6}.Release|Any CPU.Build.0 = Release|Any CPU
		{EDF09DF6-2BE0-45DE-B54F-81804AA883DB}.Debug|Any CPU.ActiveCfg = Debug|Any CPU
		{EDF09DF6-2BE0-45DE-B54F-81804AA883DB}.Debug|Any CPU.Build.0 = Debug|Any CPU
		{EDF09DF6-2BE0-45DE-B54F-81804AA883DB}.Release|Any CPU.ActiveCfg = Release|Any CPU
		{EDF09DF6-2BE0-45DE-B54F-81804AA883DB}.Release|Any CPU.Build.0 = Release|Any CPU
		{6A071604-AD01-4663-921D-BF84601B86CB}.Debug|Any CPU.ActiveCfg = Debug|Any CPU
		{6A071604-AD01-4663-921D-BF84601B86CB}.Debug|Any CPU.Build.0 = Debug|Any CPU
		{6A071604-AD01-4663-921D-BF84601B86CB}.Release|Any CPU.ActiveCfg = Release|Any CPU
		{6A071604-AD01-4663-921D-BF84601B86CB}.Release|Any CPU.Build.0 = Release|Any CPU
		{B5DAF961-3068-4A58-8483-8744C98D887D}.Debug|Any CPU.ActiveCfg = Debug|Any CPU
		{B5DAF961-3068-4A58-8483-8744C98D887D}.Debug|Any CPU.Build.0 = Debug|Any CPU
		{B5DAF961-3068-4A58-8483-8744C98D887D}.Release|Any CPU.ActiveCfg = Release|Any CPU
		{B5DAF961-3068-4A58-8483-8744C98D887D}.Release|Any CPU.Build.0 = Release|Any CPU
	EndGlobalSection
	GlobalSection(SolutionProperties) = preSolution
		HideSolutionNode = FALSE
	EndGlobalSection
	GlobalSection(NestedProjects) = preSolution
		{D7B8592A-6377-4887-B4F3-C5CEA6583973} = {61ECB608-171A-46B0-9702-865CB6CD534C}
		{A56CDE13-C631-4488-94C4-0CB055FDFA0D} = {4BD9E1F3-D902-4C62-A343-76C067235830}
		{3ED1105F-945F-4699-9C4A-2978F4D3A7D6} = {4BD9E1F3-D902-4C62-A343-76C067235830}
		{782C383C-C662-4DEB-AC14-395D1CEF371D} = {4BD9E1F3-D902-4C62-A343-76C067235830}
		{0348A0F3-7B79-431F-BA06-A440FD8A1AE6} = {4BD9E1F3-D902-4C62-A343-76C067235830}
		{EDF09DF6-2BE0-45DE-B54F-81804AA883DB} = {4BD9E1F3-D902-4C62-A343-76C067235830}
		{6A071604-AD01-4663-921D-BF84601B86CB} = {4BD9E1F3-D902-4C62-A343-76C067235830}
		{B5DAF961-3068-4A58-8483-8744C98D887D} = {4BD9E1F3-D902-4C62-A343-76C067235830}
	EndGlobalSection
	GlobalSection(ExtensibilityGlobals) = postSolution
		SolutionGuid = {56FAB13B-359C-442E-87B5-82ABA2767BA5}
	EndGlobalSection
EndGlobal
